// !$*UTF8*$!
{
	archiveVersion = 1;
	classes = {
	};
	objectVersion = 46;
	objects = {

/* Begin PBXBuildFile section */
		0F47805444B1B0E155F45AE1 /* libPods-VenuFestUITests.a in Frameworks */ = {isa = PBXBuildFile; fileRef = C2119B2B258DF14DF4FBFF7A /* libPods-VenuFestUITests.a */; };
		1709F0401E1ADF3500F95561 /* cover1.png in Resources */ = {isa = PBXBuildFile; fileRef = 1709F03E1E1ADF3500F95561 /* cover1.png */; };
		1709F0411E1ADF3500F95561 /* cover2.png in Resources */ = {isa = PBXBuildFile; fileRef = 1709F03F1E1ADF3500F95561 /* cover2.png */; };
		171168631E50782E00B044B8 /* ADVSegmentedControl.swift in Sources */ = {isa = PBXBuildFile; fileRef = 171168621E50782E00B044B8 /* ADVSegmentedControl.swift */; };
		17350D131DF34C0E001C1D53 /* main.m in Sources */ = {isa = PBXBuildFile; fileRef = 17350D121DF34C0E001C1D53 /* main.m */; };
		17350D1C1DF34C0E001C1D53 /* Main.storyboard in Resources */ = {isa = PBXBuildFile; fileRef = 17350D1A1DF34C0E001C1D53 /* Main.storyboard */; };
		17350D1E1DF34C0E001C1D53 /* Assets.xcassets in Resources */ = {isa = PBXBuildFile; fileRef = 17350D1D1DF34C0E001C1D53 /* Assets.xcassets */; };
		17350D211DF34C0E001C1D53 /* LaunchScreen.storyboard in Resources */ = {isa = PBXBuildFile; fileRef = 17350D1F1DF34C0E001C1D53 /* LaunchScreen.storyboard */; };
		17350D2C1DF34C0F001C1D53 /* VenuFestTests.m in Sources */ = {isa = PBXBuildFile; fileRef = 17350D2B1DF34C0F001C1D53 /* VenuFestTests.m */; };
		17350D371DF34C0F001C1D53 /* VenuFestUITests.m in Sources */ = {isa = PBXBuildFile; fileRef = 17350D361DF34C0F001C1D53 /* VenuFestUITests.m */; };
		1769562F1E5812BC008E0ACF /* SocialUser.m in Sources */ = {isa = PBXBuildFile; fileRef = 1769562E1E5812BC008E0ACF /* SocialUser.m */; };
		177FFC351E269EF50053D750 /* MyAssestsVC.m in Sources */ = {isa = PBXBuildFile; fileRef = 177FFC341E269EF50053D750 /* MyAssestsVC.m */; };
		178E31891DF704EF00EFD2AC /* AppDelegate.m in Sources */ = {isa = PBXBuildFile; fileRef = 178E31881DF704EF00EFD2AC /* AppDelegate.m */; };
		178E31961DF7051900EFD2AC /* AppManager.m in Sources */ = {isa = PBXBuildFile; fileRef = 178E31951DF7051900EFD2AC /* AppManager.m */; };
		178E319A1DF7053300EFD2AC /* RPNetworkManager.m in Sources */ = {isa = PBXBuildFile; fileRef = 178E31991DF7053300EFD2AC /* RPNetworkManager.m */; };
		178E31A11DF7055E00EFD2AC /* HeaderView.xib in Resources */ = {isa = PBXBuildFile; fileRef = 178E319C1DF7055E00EFD2AC /* HeaderView.xib */; };
		178E31A21DF7055E00EFD2AC /* RootVC.m in Sources */ = {isa = PBXBuildFile; fileRef = 178E319E1DF7055E00EFD2AC /* RootVC.m */; };
		178E31A91DF7057A00EFD2AC /* MenuTableVC.m in Sources */ = {isa = PBXBuildFile; fileRef = 178E31A61DF7057A00EFD2AC /* MenuTableVC.m */; };
		178E31AA1DF7057A00EFD2AC /* SWRevealViewController.m in Sources */ = {isa = PBXBuildFile; fileRef = 178E31A81DF7057A00EFD2AC /* SWRevealViewController.m */; };
		178E31B31DF705E400EFD2AC /* OutlinedButton.m in Sources */ = {isa = PBXBuildFile; fileRef = 178E31B21DF705E400EFD2AC /* OutlinedButton.m */; };
		178E31B61DF705EE00EFD2AC /* OutlinedTextField.m in Sources */ = {isa = PBXBuildFile; fileRef = 178E31B51DF705EE00EFD2AC /* OutlinedTextField.m */; };
		178E32061DF7070800EFD2AC /* ForgetPasswordVC.m in Sources */ = {isa = PBXBuildFile; fileRef = 178E31FF1DF7070800EFD2AC /* ForgetPasswordVC.m */; };
		178E32081DF7070800EFD2AC /* LoginVC.m in Sources */ = {isa = PBXBuildFile; fileRef = 178E32031DF7070800EFD2AC /* LoginVC.m */; };
		178E32131DF7082600EFD2AC /* LiveFeedVC.m in Sources */ = {isa = PBXBuildFile; fileRef = 178E32121DF7082600EFD2AC /* LiveFeedVC.m */; };
		178E32161DF7087300EFD2AC /* TermsConditionsVC.m in Sources */ = {isa = PBXBuildFile; fileRef = 178E32151DF7087300EFD2AC /* TermsConditionsVC.m */; };
		178E321A1DF708B300EFD2AC /* BookingsVC.m in Sources */ = {isa = PBXBuildFile; fileRef = 178E32191DF708B300EFD2AC /* BookingsVC.m */; };
		178E321D1DF708E700EFD2AC /* BookingDetailsVC.m in Sources */ = {isa = PBXBuildFile; fileRef = 178E321C1DF708E700EFD2AC /* BookingDetailsVC.m */; };
		178E32211DF7097F00EFD2AC /* SettingsVC.m in Sources */ = {isa = PBXBuildFile; fileRef = 178E32201DF7097F00EFD2AC /* SettingsVC.m */; };
		178E32251DF709B000EFD2AC /* HelpVC.m in Sources */ = {isa = PBXBuildFile; fileRef = 178E32241DF709B000EFD2AC /* HelpVC.m */; };
		178E322B1DF70A0B00EFD2AC /* RPConstants.m in Sources */ = {isa = PBXBuildFile; fileRef = 178E322A1DF70A0B00EFD2AC /* RPConstants.m */; };
		178E32301DF70B6A00EFD2AC /* SinkinSans-300Light.otf in Resources */ = {isa = PBXBuildFile; fileRef = 178E322F1DF70B6A00EFD2AC /* SinkinSans-300Light.otf */; };
		17C23A5F1E1EE1AD000478B3 /* Personal_infoView.m in Sources */ = {isa = PBXBuildFile; fileRef = 17C23A5D1E1EE1AD000478B3 /* Personal_infoView.m */; };
		17C23A631E1EE1BC000478B3 /* Personal_Info.xib in Resources */ = {isa = PBXBuildFile; fileRef = 17C23A621E1EE1BC000478B3 /* Personal_Info.xib */; };
		17C23A681E1EE1DC000478B3 /* PersonalInfoCell.m in Sources */ = {isa = PBXBuildFile; fileRef = 17C23A661E1EE1DC000478B3 /* PersonalInfoCell.m */; };
		17C23A691E1EE1DC000478B3 /* PersonalInfoCell.xib in Resources */ = {isa = PBXBuildFile; fileRef = 17C23A671E1EE1DC000478B3 /* PersonalInfoCell.xib */; };
		17C23A6E1E1EE1FE000478B3 /* EditProfileVC.m in Sources */ = {isa = PBXBuildFile; fileRef = 17C23A6B1E1EE1FE000478B3 /* EditProfileVC.m */; };
		17C23A6F1E1EE1FE000478B3 /* ProfileVC.m in Sources */ = {isa = PBXBuildFile; fileRef = 17C23A6D1E1EE1FE000478B3 /* ProfileVC.m */; };
		17C23A731E1EE47B000478B3 /* ChangePasswordView.m in Sources */ = {isa = PBXBuildFile; fileRef = 17C23A721E1EE47B000478B3 /* ChangePasswordView.m */; };
		17C23A771E1EE567000478B3 /* ChangePassword.xib in Resources */ = {isa = PBXBuildFile; fileRef = 17C23A761E1EE567000478B3 /* ChangePassword.xib */; };
		17C79E611E1F7BC100D854AF /* NSObject+SBJSON.m in Sources */ = {isa = PBXBuildFile; fileRef = 17C79E561E1F7BC100D854AF /* NSObject+SBJSON.m */; settings = {COMPILER_FLAGS = "-fno-objc-arc"; }; };
		17C79E621E1F7BC100D854AF /* NSString+SBJSON.m in Sources */ = {isa = PBXBuildFile; fileRef = 17C79E581E1F7BC100D854AF /* NSString+SBJSON.m */; settings = {COMPILER_FLAGS = "-fno-objc-arc"; }; };
		17C79E631E1F7BC100D854AF /* SBJSON.m in Sources */ = {isa = PBXBuildFile; fileRef = 17C79E5A1E1F7BC100D854AF /* SBJSON.m */; settings = {COMPILER_FLAGS = "-fno-objc-arc"; }; };
		17C79E641E1F7BC100D854AF /* SBJsonBase.m in Sources */ = {isa = PBXBuildFile; fileRef = 17C79E5C1E1F7BC100D854AF /* SBJsonBase.m */; settings = {COMPILER_FLAGS = "-fno-objc-arc"; }; };
		17C79E651E1F7BC100D854AF /* SBJsonParser.m in Sources */ = {isa = PBXBuildFile; fileRef = 17C79E5E1E1F7BC100D854AF /* SBJsonParser.m */; settings = {COMPILER_FLAGS = "-fno-objc-arc"; }; };
		17C79E661E1F7BC100D854AF /* SBJsonWriter.m in Sources */ = {isa = PBXBuildFile; fileRef = 17C79E601E1F7BC100D854AF /* SBJsonWriter.m */; settings = {COMPILER_FLAGS = "-fno-objc-arc"; }; };
		17E083C81E557F3000B3ACB7 /* UIColor+AppColor.m in Sources */ = {isa = PBXBuildFile; fileRef = 17E083C71E557F3000B3ACB7 /* UIColor+AppColor.m */; };
		17E083CB1E55902000B3ACB7 /* RegistrationVC.m in Sources */ = {isa = PBXBuildFile; fileRef = 17E083CA1E55902000B3ACB7 /* RegistrationVC.m */; };
		17E083CE1E55905E00B3ACB7 /* SelectUserTypeVC.m in Sources */ = {isa = PBXBuildFile; fileRef = 17E083CD1E55905E00B3ACB7 /* SelectUserTypeVC.m */; };
		7DAE26AC9E03DC75053BB1C2 /* libPods-VenuFestTests.a in Frameworks */ = {isa = PBXBuildFile; fileRef = F1949CD2CCFDC3AD997DEC02 /* libPods-VenuFestTests.a */; };
		AD2D024D7A60B4DB3D9549DA /* libPods-VenuFest.a in Frameworks */ = {isa = PBXBuildFile; fileRef = C563AA83ABDF6DCF5F88E3D1 /* libPods-VenuFest.a */; };
/* End PBXBuildFile section */

/* Begin PBXContainerItemProxy section */
		17350D281DF34C0F001C1D53 /* PBXContainerItemProxy */ = {
			isa = PBXContainerItemProxy;
			containerPortal = 17350D061DF34C0E001C1D53 /* Project object */;
			proxyType = 1;
			remoteGlobalIDString = 17350D0D1DF34C0E001C1D53;
			remoteInfo = VenuFest;
		};
		17350D331DF34C0F001C1D53 /* PBXContainerItemProxy */ = {
			isa = PBXContainerItemProxy;
			containerPortal = 17350D061DF34C0E001C1D53 /* Project object */;
			proxyType = 1;
			remoteGlobalIDString = 17350D0D1DF34C0E001C1D53;
			remoteInfo = VenuFest;
		};
/* End PBXContainerItemProxy section */

/* Begin PBXFileReference section */
		1700CF2C1E20CC88005189B4 /* VenuFest-Bridging-Header.h */ = {isa = PBXFileReference; lastKnownFileType = sourcecode.c.h; path = "VenuFest-Bridging-Header.h"; sourceTree = "<group>"; };
		1709F03E1E1ADF3500F95561 /* cover1.png */ = {isa = PBXFileReference; lastKnownFileType = image.png; path = cover1.png; sourceTree = "<group>"; };
		1709F03F1E1ADF3500F95561 /* cover2.png */ = {isa = PBXFileReference; lastKnownFileType = image.png; path = cover2.png; sourceTree = "<group>"; };
		171168621E50782E00B044B8 /* ADVSegmentedControl.swift */ = {isa = PBXFileReference; fileEncoding = 4; lastKnownFileType = sourcecode.swift; name = ADVSegmentedControl.swift; path = Libs/CustomSegmentController/ADVSegmentedControl.swift; sourceTree = "<group>"; };
		17350D0E1DF34C0E001C1D53 /* VenuFest.app */ = {isa = PBXFileReference; explicitFileType = wrapper.application; includeInIndex = 0; path = VenuFest.app; sourceTree = BUILT_PRODUCTS_DIR; };
		17350D121DF34C0E001C1D53 /* main.m */ = {isa = PBXFileReference; lastKnownFileType = sourcecode.c.objc; path = main.m; sourceTree = "<group>"; };
		17350D1B1DF34C0E001C1D53 /* Base */ = {isa = PBXFileReference; lastKnownFileType = file.storyboard; name = Base; path = Base.lproj/Main.storyboard; sourceTree = "<group>"; };
		17350D1D1DF34C0E001C1D53 /* Assets.xcassets */ = {isa = PBXFileReference; lastKnownFileType = folder.assetcatalog; path = Assets.xcassets; sourceTree = "<group>"; };
		17350D201DF34C0E001C1D53 /* Base */ = {isa = PBXFileReference; lastKnownFileType = file.storyboard; name = Base; path = Base.lproj/LaunchScreen.storyboard; sourceTree = "<group>"; };
		17350D221DF34C0E001C1D53 /* Info.plist */ = {isa = PBXFileReference; lastKnownFileType = text.plist.xml; path = Info.plist; sourceTree = "<group>"; };
		17350D271DF34C0F001C1D53 /* VenuFestTests.xctest */ = {isa = PBXFileReference; explicitFileType = wrapper.cfbundle; includeInIndex = 0; path = VenuFestTests.xctest; sourceTree = BUILT_PRODUCTS_DIR; };
		17350D2B1DF34C0F001C1D53 /* VenuFestTests.m */ = {isa = PBXFileReference; lastKnownFileType = sourcecode.c.objc; path = VenuFestTests.m; sourceTree = "<group>"; };
		17350D2D1DF34C0F001C1D53 /* Info.plist */ = {isa = PBXFileReference; lastKnownFileType = text.plist.xml; path = Info.plist; sourceTree = "<group>"; };
		17350D321DF34C0F001C1D53 /* VenuFestUITests.xctest */ = {isa = PBXFileReference; explicitFileType = wrapper.cfbundle; includeInIndex = 0; path = VenuFestUITests.xctest; sourceTree = BUILT_PRODUCTS_DIR; };
		17350D361DF34C0F001C1D53 /* VenuFestUITests.m */ = {isa = PBXFileReference; lastKnownFileType = sourcecode.c.objc; path = VenuFestUITests.m; sourceTree = "<group>"; };
		17350D381DF34C0F001C1D53 /* Info.plist */ = {isa = PBXFileReference; lastKnownFileType = text.plist.xml; path = Info.plist; sourceTree = "<group>"; };
		1769562D1E5812BC008E0ACF /* SocialUser.h */ = {isa = PBXFileReference; fileEncoding = 4; lastKnownFileType = sourcecode.c.h; name = SocialUser.h; path = VFModels/Social/SocialUser.h; sourceTree = "<group>"; };
		1769562E1E5812BC008E0ACF /* SocialUser.m */ = {isa = PBXFileReference; fileEncoding = 4; lastKnownFileType = sourcecode.c.objc; name = SocialUser.m; path = VFModels/Social/SocialUser.m; sourceTree = "<group>"; };
		177FFC331E269EF50053D750 /* MyAssestsVC.h */ = {isa = PBXFileReference; fileEncoding = 4; lastKnownFileType = sourcecode.c.h; name = MyAssestsVC.h; path = ViewControllers/MyAssestsVC.h; sourceTree = "<group>"; };
		177FFC341E269EF50053D750 /* MyAssestsVC.m */ = {isa = PBXFileReference; fileEncoding = 4; lastKnownFileType = sourcecode.c.objc; name = MyAssestsVC.m; path = ViewControllers/MyAssestsVC.m; sourceTree = "<group>"; };
		178E31871DF704EF00EFD2AC /* AppDelegate.h */ = {isa = PBXFileReference; fileEncoding = 4; lastKnownFileType = sourcecode.c.h; name = AppDelegate.h; path = AppDelegate/AppDelegate.h; sourceTree = "<group>"; };
		178E31881DF704EF00EFD2AC /* AppDelegate.m */ = {isa = PBXFileReference; fileEncoding = 4; lastKnownFileType = sourcecode.c.objc; name = AppDelegate.m; path = AppDelegate/AppDelegate.m; sourceTree = "<group>"; };
		178E31941DF7051900EFD2AC /* AppManager.h */ = {isa = PBXFileReference; fileEncoding = 4; lastKnownFileType = sourcecode.c.h; name = AppManager.h; path = Controllers/AppManager/AppManager.h; sourceTree = "<group>"; };
		178E31951DF7051900EFD2AC /* AppManager.m */ = {isa = PBXFileReference; fileEncoding = 4; lastKnownFileType = sourcecode.c.objc; name = AppManager.m; path = Controllers/AppManager/AppManager.m; sourceTree = "<group>"; };
		178E31981DF7053300EFD2AC /* RPNetworkManager.h */ = {isa = PBXFileReference; fileEncoding = 4; lastKnownFileType = sourcecode.c.h; name = RPNetworkManager.h; path = "Controllers/Network Manager/RPNetworkManager.h"; sourceTree = "<group>"; };
		178E31991DF7053300EFD2AC /* RPNetworkManager.m */ = {isa = PBXFileReference; fileEncoding = 4; lastKnownFileType = sourcecode.c.objc; name = RPNetworkManager.m; path = "Controllers/Network Manager/RPNetworkManager.m"; sourceTree = "<group>"; };
		178E319C1DF7055E00EFD2AC /* HeaderView.xib */ = {isa = PBXFileReference; fileEncoding = 4; lastKnownFileType = file.xib; name = HeaderView.xib; path = Controllers/RootViewController/HeaderView.xib; sourceTree = "<group>"; };
		178E319D1DF7055E00EFD2AC /* RootVC.h */ = {isa = PBXFileReference; fileEncoding = 4; lastKnownFileType = sourcecode.c.h; name = RootVC.h; path = Controllers/RootViewController/RootVC.h; sourceTree = "<group>"; };
		178E319E1DF7055E00EFD2AC /* RootVC.m */ = {isa = PBXFileReference; fileEncoding = 4; lastKnownFileType = sourcecode.c.objc; name = RootVC.m; path = Controllers/RootViewController/RootVC.m; sourceTree = "<group>"; };
		178E31A51DF7057A00EFD2AC /* MenuTableVC.h */ = {isa = PBXFileReference; fileEncoding = 4; lastKnownFileType = sourcecode.c.h; name = MenuTableVC.h; path = Controllers/SlideMenu/MenuTableVC.h; sourceTree = "<group>"; };
		178E31A61DF7057A00EFD2AC /* MenuTableVC.m */ = {isa = PBXFileReference; fileEncoding = 4; lastKnownFileType = sourcecode.c.objc; name = MenuTableVC.m; path = Controllers/SlideMenu/MenuTableVC.m; sourceTree = "<group>"; };
		178E31A71DF7057A00EFD2AC /* SWRevealViewController.h */ = {isa = PBXFileReference; fileEncoding = 4; lastKnownFileType = sourcecode.c.h; name = SWRevealViewController.h; path = Controllers/SlideMenu/SWRevealViewController.h; sourceTree = "<group>"; };
		178E31A81DF7057A00EFD2AC /* SWRevealViewController.m */ = {isa = PBXFileReference; fileEncoding = 4; lastKnownFileType = sourcecode.c.objc; name = SWRevealViewController.m; path = Controllers/SlideMenu/SWRevealViewController.m; sourceTree = "<group>"; };
		178E31B11DF705E400EFD2AC /* OutlinedButton.h */ = {isa = PBXFileReference; fileEncoding = 4; lastKnownFileType = sourcecode.c.h; name = OutlinedButton.h; path = UI/CustomButtons/OutlinedButton.h; sourceTree = "<group>"; };
		178E31B21DF705E400EFD2AC /* OutlinedButton.m */ = {isa = PBXFileReference; fileEncoding = 4; lastKnownFileType = sourcecode.c.objc; name = OutlinedButton.m; path = UI/CustomButtons/OutlinedButton.m; sourceTree = "<group>"; };
		178E31B41DF705EE00EFD2AC /* OutlinedTextField.h */ = {isa = PBXFileReference; fileEncoding = 4; lastKnownFileType = sourcecode.c.h; name = OutlinedTextField.h; path = UI/CustomTextfields/OutlinedTextField.h; sourceTree = "<group>"; };
		178E31B51DF705EE00EFD2AC /* OutlinedTextField.m */ = {isa = PBXFileReference; fileEncoding = 4; lastKnownFileType = sourcecode.c.objc; name = OutlinedTextField.m; path = UI/CustomTextfields/OutlinedTextField.m; sourceTree = "<group>"; };
		178E31FE1DF7070800EFD2AC /* ForgetPasswordVC.h */ = {isa = PBXFileReference; fileEncoding = 4; lastKnownFileType = sourcecode.c.h; name = ForgetPasswordVC.h; path = ViewControllers/LoginModule/ForgetPasswordVC.h; sourceTree = "<group>"; };
		178E31FF1DF7070800EFD2AC /* ForgetPasswordVC.m */ = {isa = PBXFileReference; fileEncoding = 4; lastKnownFileType = sourcecode.c.objc; name = ForgetPasswordVC.m; path = ViewControllers/LoginModule/ForgetPasswordVC.m; sourceTree = "<group>"; };
		178E32021DF7070800EFD2AC /* LoginVC.h */ = {isa = PBXFileReference; fileEncoding = 4; lastKnownFileType = sourcecode.c.h; name = LoginVC.h; path = ViewControllers/LoginModule/LoginVC.h; sourceTree = "<group>"; };
		178E32031DF7070800EFD2AC /* LoginVC.m */ = {isa = PBXFileReference; fileEncoding = 4; lastKnownFileType = sourcecode.c.objc; name = LoginVC.m; path = ViewControllers/LoginModule/LoginVC.m; sourceTree = "<group>"; };
		178E32111DF7082600EFD2AC /* LiveFeedVC.h */ = {isa = PBXFileReference; fileEncoding = 4; lastKnownFileType = sourcecode.c.h; name = LiveFeedVC.h; path = ViewControllers/LiveFeed/LiveFeedVC.h; sourceTree = "<group>"; };
		178E32121DF7082600EFD2AC /* LiveFeedVC.m */ = {isa = PBXFileReference; fileEncoding = 4; lastKnownFileType = sourcecode.c.objc; name = LiveFeedVC.m; path = ViewControllers/LiveFeed/LiveFeedVC.m; sourceTree = "<group>"; };
		178E32141DF7087300EFD2AC /* TermsConditionsVC.h */ = {isa = PBXFileReference; fileEncoding = 4; lastKnownFileType = sourcecode.c.h; name = TermsConditionsVC.h; path = "ViewControllers/Terms&Conditions/TermsConditionsVC.h"; sourceTree = "<group>"; };
		178E32151DF7087300EFD2AC /* TermsConditionsVC.m */ = {isa = PBXFileReference; fileEncoding = 4; lastKnownFileType = sourcecode.c.objc; name = TermsConditionsVC.m; path = "ViewControllers/Terms&Conditions/TermsConditionsVC.m"; sourceTree = "<group>"; };
		178E32181DF708B300EFD2AC /* BookingsVC.h */ = {isa = PBXFileReference; fileEncoding = 4; lastKnownFileType = sourcecode.c.h; name = BookingsVC.h; path = ViewControllers/BookingsVc/BookingsVC.h; sourceTree = "<group>"; };
		178E32191DF708B300EFD2AC /* BookingsVC.m */ = {isa = PBXFileReference; fileEncoding = 4; lastKnownFileType = sourcecode.c.objc; name = BookingsVC.m; path = ViewControllers/BookingsVc/BookingsVC.m; sourceTree = "<group>"; };
		178E321B1DF708E700EFD2AC /* BookingDetailsVC.h */ = {isa = PBXFileReference; fileEncoding = 4; lastKnownFileType = sourcecode.c.h; name = BookingDetailsVC.h; path = ViewControllers/BookingsVc/BookingDetailsVC.h; sourceTree = "<group>"; };
		178E321C1DF708E700EFD2AC /* BookingDetailsVC.m */ = {isa = PBXFileReference; fileEncoding = 4; lastKnownFileType = sourcecode.c.objc; name = BookingDetailsVC.m; path = ViewControllers/BookingsVc/BookingDetailsVC.m; sourceTree = "<group>"; };
		178E321F1DF7097F00EFD2AC /* SettingsVC.h */ = {isa = PBXFileReference; fileEncoding = 4; lastKnownFileType = sourcecode.c.h; name = SettingsVC.h; path = ViewControllers/Settings/SettingsVC.h; sourceTree = "<group>"; };
		178E32201DF7097F00EFD2AC /* SettingsVC.m */ = {isa = PBXFileReference; fileEncoding = 4; lastKnownFileType = sourcecode.c.objc; name = SettingsVC.m; path = ViewControllers/Settings/SettingsVC.m; sourceTree = "<group>"; };
		178E32231DF709B000EFD2AC /* HelpVC.h */ = {isa = PBXFileReference; fileEncoding = 4; lastKnownFileType = sourcecode.c.h; name = HelpVC.h; path = ViewControllers/Help/HelpVC.h; sourceTree = "<group>"; };
		178E32241DF709B000EFD2AC /* HelpVC.m */ = {isa = PBXFileReference; fileEncoding = 4; lastKnownFileType = sourcecode.c.objc; name = HelpVC.m; path = ViewControllers/Help/HelpVC.m; sourceTree = "<group>"; };
		178E32291DF70A0B00EFD2AC /* RPConstants.h */ = {isa = PBXFileReference; fileEncoding = 4; lastKnownFileType = sourcecode.c.h; name = RPConstants.h; path = Constants/RPConstants.h; sourceTree = "<group>"; };
		178E322A1DF70A0B00EFD2AC /* RPConstants.m */ = {isa = PBXFileReference; fileEncoding = 4; lastKnownFileType = sourcecode.c.objc; name = RPConstants.m; path = Constants/RPConstants.m; sourceTree = "<group>"; };
		178E322F1DF70B6A00EFD2AC /* SinkinSans-300Light.otf */ = {isa = PBXFileReference; lastKnownFileType = file; name = "SinkinSans-300Light.otf"; path = "Resources/Fonts/SinkinSans-300Light.otf"; sourceTree = "<group>"; };
		17C23A5C1E1EE1AD000478B3 /* Personal_infoView.h */ = {isa = PBXFileReference; fileEncoding = 4; lastKnownFileType = sourcecode.c.h; name = Personal_infoView.h; path = ViewControllers/UserProfile/Views/Personal_infoView.h; sourceTree = "<group>"; };
		17C23A5D1E1EE1AD000478B3 /* Personal_infoView.m */ = {isa = PBXFileReference; fileEncoding = 4; lastKnownFileType = sourcecode.c.objc; name = Personal_infoView.m; path = ViewControllers/UserProfile/Views/Personal_infoView.m; sourceTree = "<group>"; };
		17C23A621E1EE1BC000478B3 /* Personal_Info.xib */ = {isa = PBXFileReference; fileEncoding = 4; lastKnownFileType = file.xib; name = Personal_Info.xib; path = ViewControllers/UserProfile/Views/UI/Personal_Info.xib; sourceTree = "<group>"; };
		17C23A651E1EE1DC000478B3 /* PersonalInfoCell.h */ = {isa = PBXFileReference; fileEncoding = 4; lastKnownFileType = sourcecode.c.h; name = PersonalInfoCell.h; path = ViewControllers/UserProfile/Views/UI/PersonalInfoCell/PersonalInfoCell.h; sourceTree = "<group>"; };
		17C23A661E1EE1DC000478B3 /* PersonalInfoCell.m */ = {isa = PBXFileReference; fileEncoding = 4; lastKnownFileType = sourcecode.c.objc; name = PersonalInfoCell.m; path = ViewControllers/UserProfile/Views/UI/PersonalInfoCell/PersonalInfoCell.m; sourceTree = "<group>"; };
		17C23A671E1EE1DC000478B3 /* PersonalInfoCell.xib */ = {isa = PBXFileReference; fileEncoding = 4; lastKnownFileType = file.xib; name = PersonalInfoCell.xib; path = ViewControllers/UserProfile/Views/UI/PersonalInfoCell/PersonalInfoCell.xib; sourceTree = "<group>"; };
		17C23A6A1E1EE1FE000478B3 /* EditProfileVC.h */ = {isa = PBXFileReference; fileEncoding = 4; lastKnownFileType = sourcecode.c.h; name = EditProfileVC.h; path = ViewControllers/UserProfile/EditProfileVC.h; sourceTree = "<group>"; };
		17C23A6B1E1EE1FE000478B3 /* EditProfileVC.m */ = {isa = PBXFileReference; fileEncoding = 4; lastKnownFileType = sourcecode.c.objc; name = EditProfileVC.m; path = ViewControllers/UserProfile/EditProfileVC.m; sourceTree = "<group>"; };
		17C23A6C1E1EE1FE000478B3 /* ProfileVC.h */ = {isa = PBXFileReference; fileEncoding = 4; lastKnownFileType = sourcecode.c.h; name = ProfileVC.h; path = ViewControllers/UserProfile/ProfileVC.h; sourceTree = "<group>"; };
		17C23A6D1E1EE1FE000478B3 /* ProfileVC.m */ = {isa = PBXFileReference; fileEncoding = 4; lastKnownFileType = sourcecode.c.objc; name = ProfileVC.m; path = ViewControllers/UserProfile/ProfileVC.m; sourceTree = "<group>"; };
		17C23A711E1EE47B000478B3 /* ChangePasswordView.h */ = {isa = PBXFileReference; fileEncoding = 4; lastKnownFileType = sourcecode.c.h; name = ChangePasswordView.h; path = ViewControllers/UserProfile/Views/ChangePasswordView.h; sourceTree = "<group>"; };
		17C23A721E1EE47B000478B3 /* ChangePasswordView.m */ = {isa = PBXFileReference; fileEncoding = 4; lastKnownFileType = sourcecode.c.objc; name = ChangePasswordView.m; path = ViewControllers/UserProfile/Views/ChangePasswordView.m; sourceTree = "<group>"; };
		17C23A761E1EE567000478B3 /* ChangePassword.xib */ = {isa = PBXFileReference; fileEncoding = 4; lastKnownFileType = file.xib; name = ChangePassword.xib; path = ViewControllers/UserProfile/Views/UI/ChangePassword.xib; sourceTree = "<group>"; };
		17C79E541E1F7BC100D854AF /* JSON.h */ = {isa = PBXFileReference; fileEncoding = 4; lastKnownFileType = sourcecode.c.h; name = JSON.h; path = Libs/SB_Json/JSON.h; sourceTree = "<group>"; };
		17C79E551E1F7BC100D854AF /* NSObject+SBJSON.h */ = {isa = PBXFileReference; fileEncoding = 4; lastKnownFileType = sourcecode.c.h; name = "NSObject+SBJSON.h"; path = "Libs/SB_Json/NSObject+SBJSON.h"; sourceTree = "<group>"; };
		17C79E561E1F7BC100D854AF /* NSObject+SBJSON.m */ = {isa = PBXFileReference; fileEncoding = 4; lastKnownFileType = sourcecode.c.objc; name = "NSObject+SBJSON.m"; path = "Libs/SB_Json/NSObject+SBJSON.m"; sourceTree = "<group>"; };
		17C79E571E1F7BC100D854AF /* NSString+SBJSON.h */ = {isa = PBXFileReference; fileEncoding = 4; lastKnownFileType = sourcecode.c.h; name = "NSString+SBJSON.h"; path = "Libs/SB_Json/NSString+SBJSON.h"; sourceTree = "<group>"; };
		17C79E581E1F7BC100D854AF /* NSString+SBJSON.m */ = {isa = PBXFileReference; fileEncoding = 4; lastKnownFileType = sourcecode.c.objc; name = "NSString+SBJSON.m"; path = "Libs/SB_Json/NSString+SBJSON.m"; sourceTree = "<group>"; };
		17C79E591E1F7BC100D854AF /* SBJSON.h */ = {isa = PBXFileReference; fileEncoding = 4; lastKnownFileType = sourcecode.c.h; name = SBJSON.h; path = Libs/SB_Json/SBJSON.h; sourceTree = "<group>"; };
		17C79E5A1E1F7BC100D854AF /* SBJSON.m */ = {isa = PBXFileReference; fileEncoding = 4; lastKnownFileType = sourcecode.c.objc; name = SBJSON.m; path = Libs/SB_Json/SBJSON.m; sourceTree = "<group>"; };
		17C79E5B1E1F7BC100D854AF /* SBJsonBase.h */ = {isa = PBXFileReference; fileEncoding = 4; lastKnownFileType = sourcecode.c.h; name = SBJsonBase.h; path = Libs/SB_Json/SBJsonBase.h; sourceTree = "<group>"; };
		17C79E5C1E1F7BC100D854AF /* SBJsonBase.m */ = {isa = PBXFileReference; fileEncoding = 4; lastKnownFileType = sourcecode.c.objc; name = SBJsonBase.m; path = Libs/SB_Json/SBJsonBase.m; sourceTree = "<group>"; };
		17C79E5D1E1F7BC100D854AF /* SBJsonParser.h */ = {isa = PBXFileReference; fileEncoding = 4; lastKnownFileType = sourcecode.c.h; name = SBJsonParser.h; path = Libs/SB_Json/SBJsonParser.h; sourceTree = "<group>"; };
		17C79E5E1E1F7BC100D854AF /* SBJsonParser.m */ = {isa = PBXFileReference; fileEncoding = 4; lastKnownFileType = sourcecode.c.objc; name = SBJsonParser.m; path = Libs/SB_Json/SBJsonParser.m; sourceTree = "<group>"; };
		17C79E5F1E1F7BC100D854AF /* SBJsonWriter.h */ = {isa = PBXFileReference; fileEncoding = 4; lastKnownFileType = sourcecode.c.h; name = SBJsonWriter.h; path = Libs/SB_Json/SBJsonWriter.h; sourceTree = "<group>"; };
		17C79E601E1F7BC100D854AF /* SBJsonWriter.m */ = {isa = PBXFileReference; fileEncoding = 4; lastKnownFileType = sourcecode.c.objc; name = SBJsonWriter.m; path = Libs/SB_Json/SBJsonWriter.m; sourceTree = "<group>"; };
		17E083C61E557F3000B3ACB7 /* UIColor+AppColor.h */ = {isa = PBXFileReference; fileEncoding = 4; lastKnownFileType = sourcecode.c.h; name = "UIColor+AppColor.h"; path = "Constants/UIColor+AppColor.h"; sourceTree = "<group>"; };
		17E083C71E557F3000B3ACB7 /* UIColor+AppColor.m */ = {isa = PBXFileReference; fileEncoding = 4; lastKnownFileType = sourcecode.c.objc; name = "UIColor+AppColor.m"; path = "Constants/UIColor+AppColor.m"; sourceTree = "<group>"; };
		17E083C91E55902000B3ACB7 /* RegistrationVC.h */ = {isa = PBXFileReference; fileEncoding = 4; lastKnownFileType = sourcecode.c.h; name = RegistrationVC.h; path = ViewControllers/LoginModule/RegistrationVC.h; sourceTree = "<group>"; };
		17E083CA1E55902000B3ACB7 /* RegistrationVC.m */ = {isa = PBXFileReference; fileEncoding = 4; lastKnownFileType = sourcecode.c.objc; name = RegistrationVC.m; path = ViewControllers/LoginModule/RegistrationVC.m; sourceTree = "<group>"; };
		17E083CC1E55905E00B3ACB7 /* SelectUserTypeVC.h */ = {isa = PBXFileReference; fileEncoding = 4; lastKnownFileType = sourcecode.c.h; name = SelectUserTypeVC.h; path = ViewControllers/LoginModule/SelectUserTypeVC.h; sourceTree = "<group>"; };
		17E083CD1E55905E00B3ACB7 /* SelectUserTypeVC.m */ = {isa = PBXFileReference; fileEncoding = 4; lastKnownFileType = sourcecode.c.objc; name = SelectUserTypeVC.m; path = ViewControllers/LoginModule/SelectUserTypeVC.m; sourceTree = "<group>"; };
		1E6F329CD0F43B3DBCED8E27 /* Pods-VenuFestUITests.release.xcconfig */ = {isa = PBXFileReference; includeInIndex = 1; lastKnownFileType = text.xcconfig; name = "Pods-VenuFestUITests.release.xcconfig"; path = "Pods/Target Support Files/Pods-VenuFestUITests/Pods-VenuFestUITests.release.xcconfig"; sourceTree = "<group>"; };
		22D9EB5D36EED2D4F591B632 /* Pods-VenuFest.debug.xcconfig */ = {isa = PBXFileReference; includeInIndex = 1; lastKnownFileType = text.xcconfig; name = "Pods-VenuFest.debug.xcconfig"; path = "Pods/Target Support Files/Pods-VenuFest/Pods-VenuFest.debug.xcconfig"; sourceTree = "<group>"; };
		24188A681E182CF500E835A5 /* VenuFest-Prefix.pch */ = {isa = PBXFileReference; fileEncoding = 4; lastKnownFileType = sourcecode.c.h; path = "VenuFest-Prefix.pch"; sourceTree = "<group>"; };
		27121A3D859553E2EDA3C7E8 /* Pods-VenuFestUITests.debug.xcconfig */ = {isa = PBXFileReference; includeInIndex = 1; lastKnownFileType = text.xcconfig; name = "Pods-VenuFestUITests.debug.xcconfig"; path = "Pods/Target Support Files/Pods-VenuFestUITests/Pods-VenuFestUITests.debug.xcconfig"; sourceTree = "<group>"; };
		9C03245BA9C1801CD1A3AAD1 /* Pods-VenuFest.release.xcconfig */ = {isa = PBXFileReference; includeInIndex = 1; lastKnownFileType = text.xcconfig; name = "Pods-VenuFest.release.xcconfig"; path = "Pods/Target Support Files/Pods-VenuFest/Pods-VenuFest.release.xcconfig"; sourceTree = "<group>"; };
		C2119B2B258DF14DF4FBFF7A /* libPods-VenuFestUITests.a */ = {isa = PBXFileReference; explicitFileType = archive.ar; includeInIndex = 0; path = "libPods-VenuFestUITests.a"; sourceTree = BUILT_PRODUCTS_DIR; };
		C563AA83ABDF6DCF5F88E3D1 /* libPods-VenuFest.a */ = {isa = PBXFileReference; explicitFileType = archive.ar; includeInIndex = 0; path = "libPods-VenuFest.a"; sourceTree = BUILT_PRODUCTS_DIR; };
		D5F9368A31DBC74A43A9AF56 /* Pods-VenuFestTests.debug.xcconfig */ = {isa = PBXFileReference; includeInIndex = 1; lastKnownFileType = text.xcconfig; name = "Pods-VenuFestTests.debug.xcconfig"; path = "Pods/Target Support Files/Pods-VenuFestTests/Pods-VenuFestTests.debug.xcconfig"; sourceTree = "<group>"; };
		ED5A4EC50AA123A8F4A3FAEA /* Pods-VenuFestTests.release.xcconfig */ = {isa = PBXFileReference; includeInIndex = 1; lastKnownFileType = text.xcconfig; name = "Pods-VenuFestTests.release.xcconfig"; path = "Pods/Target Support Files/Pods-VenuFestTests/Pods-VenuFestTests.release.xcconfig"; sourceTree = "<group>"; };
		F1949CD2CCFDC3AD997DEC02 /* libPods-VenuFestTests.a */ = {isa = PBXFileReference; explicitFileType = archive.ar; includeInIndex = 0; path = "libPods-VenuFestTests.a"; sourceTree = BUILT_PRODUCTS_DIR; };
/* End PBXFileReference section */

/* Begin PBXFrameworksBuildPhase section */
		17350D0B1DF34C0E001C1D53 /* Frameworks */ = {
			isa = PBXFrameworksBuildPhase;
			buildActionMask = 2147483647;
			files = (
				AD2D024D7A60B4DB3D9549DA /* libPods-VenuFest.a in Frameworks */,
			);
			runOnlyForDeploymentPostprocessing = 0;
		};
		17350D241DF34C0F001C1D53 /* Frameworks */ = {
			isa = PBXFrameworksBuildPhase;
			buildActionMask = 2147483647;
			files = (
				7DAE26AC9E03DC75053BB1C2 /* libPods-VenuFestTests.a in Frameworks */,
			);
			runOnlyForDeploymentPostprocessing = 0;
		};
		17350D2F1DF34C0F001C1D53 /* Frameworks */ = {
			isa = PBXFrameworksBuildPhase;
			buildActionMask = 2147483647;
			files = (
				0F47805444B1B0E155F45AE1 /* libPods-VenuFestUITests.a in Frameworks */,
			);
			runOnlyForDeploymentPostprocessing = 0;
		};
/* End PBXFrameworksBuildPhase section */

/* Begin PBXGroup section */
		17350D051DF34C0E001C1D53 = {
			isa = PBXGroup;
			children = (
				17350D101DF34C0E001C1D53 /* VenuFest */,
				17350D2A1DF34C0F001C1D53 /* VenuFestTests */,
				17350D351DF34C0F001C1D53 /* VenuFestUITests */,
				17350D0F1DF34C0E001C1D53 /* Products */,
				A997FDD41A29489190E9776F /* Pods */,
				EB3D197CCE02222AE9366509 /* Frameworks */,
			);
			sourceTree = "<group>";
		};
		17350D0F1DF34C0E001C1D53 /* Products */ = {
			isa = PBXGroup;
			children = (
				17350D0E1DF34C0E001C1D53 /* VenuFest.app */,
				17350D271DF34C0F001C1D53 /* VenuFestTests.xctest */,
				17350D321DF34C0F001C1D53 /* VenuFestUITests.xctest */,
			);
			name = Products;
			sourceTree = "<group>";
		};
		17350D101DF34C0E001C1D53 /* VenuFest */ = {
			isa = PBXGroup;
			children = (
				176956301E582298008E0ACF /* Models */,
				178E31861DF704E100EFD2AC /* AppDelegate */,
				178E318A1DF704F800EFD2AC /* Controllers */,
				178E31DF1DF7065400EFD2AC /* Libs */,
				178E31AE1DF705BA00EFD2AC /* UI */,
				178E32281DF709FB00EFD2AC /* Constants */,
				178E31F71DF7069B00EFD2AC /* ViewControllers */,
				17350D1A1DF34C0E001C1D53 /* Main.storyboard */,
				178E31B81DF705FE00EFD2AC /* Resources */,
				17350D1D1DF34C0E001C1D53 /* Assets.xcassets */,
				17350D1F1DF34C0E001C1D53 /* LaunchScreen.storyboard */,
				17350D221DF34C0E001C1D53 /* Info.plist */,
				24188A681E182CF500E835A5 /* VenuFest-Prefix.pch */,
				17350D111DF34C0E001C1D53 /* Supporting Files */,
			);
			path = VenuFest;
			sourceTree = "<group>";
		};
		17350D111DF34C0E001C1D53 /* Supporting Files */ = {
			isa = PBXGroup;
			children = (
				17350D121DF34C0E001C1D53 /* main.m */,
			);
			name = "Supporting Files";
			sourceTree = "<group>";
		};
		17350D2A1DF34C0F001C1D53 /* VenuFestTests */ = {
			isa = PBXGroup;
			children = (
				17350D2B1DF34C0F001C1D53 /* VenuFestTests.m */,
				17350D2D1DF34C0F001C1D53 /* Info.plist */,
			);
			path = VenuFestTests;
			sourceTree = "<group>";
		};
		17350D351DF34C0F001C1D53 /* VenuFestUITests */ = {
			isa = PBXGroup;
			children = (
				17350D361DF34C0F001C1D53 /* VenuFestUITests.m */,
				17350D381DF34C0F001C1D53 /* Info.plist */,
			);
			path = VenuFestUITests;
			sourceTree = "<group>";
		};
		176956301E582298008E0ACF /* Models */ = {
			isa = PBXGroup;
			children = (
				1769562D1E5812BC008E0ACF /* SocialUser.h */,
				1769562E1E5812BC008E0ACF /* SocialUser.m */,
			);
			name = Models;
			sourceTree = "<group>";
		};
		177FFC321E269EA60053D750 /* MyAssests */ = {
			isa = PBXGroup;
			children = (
				177FFC331E269EF50053D750 /* MyAssestsVC.h */,
				177FFC341E269EF50053D750 /* MyAssestsVC.m */,
			);
			name = MyAssests;
			sourceTree = "<group>";
		};
		178E31861DF704E100EFD2AC /* AppDelegate */ = {
			isa = PBXGroup;
			children = (
				178E31871DF704EF00EFD2AC /* AppDelegate.h */,
				178E31881DF704EF00EFD2AC /* AppDelegate.m */,
			);
			name = AppDelegate;
			sourceTree = "<group>";
		};
		178E318A1DF704F800EFD2AC /* Controllers */ = {
			isa = PBXGroup;
			children = (
				178E31931DF7050E00EFD2AC /* AppManager */,
				178E31971DF7052500EFD2AC /* NetworkManager */,
				178E319B1DF7054700EFD2AC /* RootViewController */,
				178E31A41DF7056B00EFD2AC /* SlideMenu */,
			);
			name = Controllers;
			sourceTree = "<group>";
		};
		178E31931DF7050E00EFD2AC /* AppManager */ = {
			isa = PBXGroup;
			children = (
				178E31941DF7051900EFD2AC /* AppManager.h */,
				178E31951DF7051900EFD2AC /* AppManager.m */,
			);
			name = AppManager;
			sourceTree = "<group>";
		};
		178E31971DF7052500EFD2AC /* NetworkManager */ = {
			isa = PBXGroup;
			children = (
				178E31981DF7053300EFD2AC /* RPNetworkManager.h */,
				178E31991DF7053300EFD2AC /* RPNetworkManager.m */,
			);
			name = NetworkManager;
			sourceTree = "<group>";
		};
		178E319B1DF7054700EFD2AC /* RootViewController */ = {
			isa = PBXGroup;
			children = (
				178E319C1DF7055E00EFD2AC /* HeaderView.xib */,
				178E319D1DF7055E00EFD2AC /* RootVC.h */,
				178E319E1DF7055E00EFD2AC /* RootVC.m */,
			);
			name = RootViewController;
			sourceTree = "<group>";
		};
		178E31A41DF7056B00EFD2AC /* SlideMenu */ = {
			isa = PBXGroup;
			children = (
				178E31A51DF7057A00EFD2AC /* MenuTableVC.h */,
				178E31A61DF7057A00EFD2AC /* MenuTableVC.m */,
				178E31A71DF7057A00EFD2AC /* SWRevealViewController.h */,
				178E31A81DF7057A00EFD2AC /* SWRevealViewController.m */,
			);
			name = SlideMenu;
			sourceTree = "<group>";
		};
		178E31AE1DF705BA00EFD2AC /* UI */ = {
			isa = PBXGroup;
			children = (
				178E31B01DF705C100EFD2AC /* CustomButtons */,
				178E31AF1DF705BF00EFD2AC /* CustomTextfields */,
			);
			name = UI;
			sourceTree = "<group>";
		};
		178E31AF1DF705BF00EFD2AC /* CustomTextfields */ = {
			isa = PBXGroup;
			children = (
				178E31B41DF705EE00EFD2AC /* OutlinedTextField.h */,
				178E31B51DF705EE00EFD2AC /* OutlinedTextField.m */,
			);
			name = CustomTextfields;
			sourceTree = "<group>";
		};
		178E31B01DF705C100EFD2AC /* CustomButtons */ = {
			isa = PBXGroup;
			children = (
				178E31B11DF705E400EFD2AC /* OutlinedButton.h */,
				178E31B21DF705E400EFD2AC /* OutlinedButton.m */,
			);
			name = CustomButtons;
			sourceTree = "<group>";
		};
		178E31B71DF705FC00EFD2AC /* Icons */ = {
			isa = PBXGroup;
			children = (
				1709F03E1E1ADF3500F95561 /* cover1.png */,
				1709F03F1E1ADF3500F95561 /* cover2.png */,
			);
			name = Icons;
			sourceTree = "<group>";
		};
		178E31B81DF705FE00EFD2AC /* Resources */ = {
			isa = PBXGroup;
			children = (
				178E322E1DF70B6100EFD2AC /* Fonts */,
				178E31B71DF705FC00EFD2AC /* Icons */,
			);
			name = Resources;
			sourceTree = "<group>";
		};
		178E31DF1DF7065400EFD2AC /* Libs */ = {
			isa = PBXGroup;
			children = (
				17C79E531E1F7BA400D854AF /* SB-JSON */,
				17C79E4D1E1F7AF800D854AF /* CustomSegmentController */,
			);
			name = Libs;
			sourceTree = "<group>";
		};
		178E31F71DF7069B00EFD2AC /* ViewControllers */ = {
			isa = PBXGroup;
			children = (
				177FFC321E269EA60053D750 /* MyAssests */,
				178E32221DF7099500EFD2AC /* Help */,
				178E321E1DF7096100EFD2AC /* Settings */,
				178E32171DF7088A00EFD2AC /* Bookings */,
				178E32101DF7071E00EFD2AC /* Home */,
				178E31FD1DF706F500EFD2AC /* LoginModule */,
				178E31FC1DF706F100EFD2AC /* UserProfile */,
			);
			name = ViewControllers;
			sourceTree = "<group>";
		};
		178E31FC1DF706F100EFD2AC /* UserProfile */ = {
			isa = PBXGroup;
			children = (
				17C23A551E1EE0F1000478B3 /* Views */,
				17C23A6A1E1EE1FE000478B3 /* EditProfileVC.h */,
				17C23A6B1E1EE1FE000478B3 /* EditProfileVC.m */,
				17C23A6C1E1EE1FE000478B3 /* ProfileVC.h */,
				17C23A6D1E1EE1FE000478B3 /* ProfileVC.m */,
			);
			name = UserProfile;
			sourceTree = "<group>";
		};
		178E31FD1DF706F500EFD2AC /* LoginModule */ = {
			isa = PBXGroup;
			children = (
				17E083C91E55902000B3ACB7 /* RegistrationVC.h */,
				17E083CA1E55902000B3ACB7 /* RegistrationVC.m */,
				178E31FE1DF7070800EFD2AC /* ForgetPasswordVC.h */,
				178E31FF1DF7070800EFD2AC /* ForgetPasswordVC.m */,
				178E32021DF7070800EFD2AC /* LoginVC.h */,
				178E32031DF7070800EFD2AC /* LoginVC.m */,
				17E083CC1E55905E00B3ACB7 /* SelectUserTypeVC.h */,
				17E083CD1E55905E00B3ACB7 /* SelectUserTypeVC.m */,
			);
			name = LoginModule;
			sourceTree = "<group>";
		};
		178E32101DF7071E00EFD2AC /* Home */ = {
			isa = PBXGroup;
			children = (
				178E32111DF7082600EFD2AC /* LiveFeedVC.h */,
				178E32121DF7082600EFD2AC /* LiveFeedVC.m */,
				178E32141DF7087300EFD2AC /* TermsConditionsVC.h */,
				178E32151DF7087300EFD2AC /* TermsConditionsVC.m */,
			);
			name = Home;
			sourceTree = "<group>";
		};
		178E32171DF7088A00EFD2AC /* Bookings */ = {
			isa = PBXGroup;
			children = (
				178E32181DF708B300EFD2AC /* BookingsVC.h */,
				178E32191DF708B300EFD2AC /* BookingsVC.m */,
				178E321B1DF708E700EFD2AC /* BookingDetailsVC.h */,
				178E321C1DF708E700EFD2AC /* BookingDetailsVC.m */,
			);
			name = Bookings;
			sourceTree = "<group>";
		};
		178E321E1DF7096100EFD2AC /* Settings */ = {
			isa = PBXGroup;
			children = (
				178E321F1DF7097F00EFD2AC /* SettingsVC.h */,
				178E32201DF7097F00EFD2AC /* SettingsVC.m */,
			);
			name = Settings;
			sourceTree = "<group>";
		};
		178E32221DF7099500EFD2AC /* Help */ = {
			isa = PBXGroup;
			children = (
				178E32231DF709B000EFD2AC /* HelpVC.h */,
				178E32241DF709B000EFD2AC /* HelpVC.m */,
			);
			name = Help;
			sourceTree = "<group>";
		};
		178E32281DF709FB00EFD2AC /* Constants */ = {
			isa = PBXGroup;
			children = (
				178E32291DF70A0B00EFD2AC /* RPConstants.h */,
				178E322A1DF70A0B00EFD2AC /* RPConstants.m */,
				17E083C61E557F3000B3ACB7 /* UIColor+AppColor.h */,
				17E083C71E557F3000B3ACB7 /* UIColor+AppColor.m */,
			);
			name = Constants;
			sourceTree = "<group>";
		};
		178E322E1DF70B6100EFD2AC /* Fonts */ = {
			isa = PBXGroup;
			children = (
				178E322F1DF70B6A00EFD2AC /* SinkinSans-300Light.otf */,
			);
			name = Fonts;
			sourceTree = "<group>";
		};
		17C23A551E1EE0F1000478B3 /* Views */ = {
			isa = PBXGroup;
			children = (
				17C23A701E1EE450000478B3 /* Classes */,
				17C23A641E1EE1C1000478B3 /* PersonalInfoCell */,
				17C23A611E1EE1B4000478B3 /* UI */,
			);
			name = Views;
			sourceTree = "<group>";
		};
		17C23A611E1EE1B4000478B3 /* UI */ = {
			isa = PBXGroup;
			children = (
				17C23A621E1EE1BC000478B3 /* Personal_Info.xib */,
				17C23A761E1EE567000478B3 /* ChangePassword.xib */,
			);
			name = UI;
			sourceTree = "<group>";
		};
		17C23A641E1EE1C1000478B3 /* PersonalInfoCell */ = {
			isa = PBXGroup;
			children = (
				17C23A651E1EE1DC000478B3 /* PersonalInfoCell.h */,
				17C23A661E1EE1DC000478B3 /* PersonalInfoCell.m */,
				17C23A671E1EE1DC000478B3 /* PersonalInfoCell.xib */,
			);
			name = PersonalInfoCell;
			sourceTree = "<group>";
		};
		17C23A701E1EE450000478B3 /* Classes */ = {
			isa = PBXGroup;
			children = (
				17C23A5C1E1EE1AD000478B3 /* Personal_infoView.h */,
				17C23A5D1E1EE1AD000478B3 /* Personal_infoView.m */,
				17C23A711E1EE47B000478B3 /* ChangePasswordView.h */,
				17C23A721E1EE47B000478B3 /* ChangePasswordView.m */,
			);
			name = Classes;
			sourceTree = "<group>";
		};
		17C79E4D1E1F7AF800D854AF /* CustomSegmentController */ = {
			isa = PBXGroup;
			children = (
				171168621E50782E00B044B8 /* ADVSegmentedControl.swift */,
				1700CF2C1E20CC88005189B4 /* VenuFest-Bridging-Header.h */,
			);
			name = CustomSegmentController;
			sourceTree = "<group>";
		};
		17C79E531E1F7BA400D854AF /* SB-JSON */ = {
			isa = PBXGroup;
			children = (
				17C79E541E1F7BC100D854AF /* JSON.h */,
				17C79E551E1F7BC100D854AF /* NSObject+SBJSON.h */,
				17C79E561E1F7BC100D854AF /* NSObject+SBJSON.m */,
				17C79E571E1F7BC100D854AF /* NSString+SBJSON.h */,
				17C79E581E1F7BC100D854AF /* NSString+SBJSON.m */,
				17C79E591E1F7BC100D854AF /* SBJSON.h */,
				17C79E5A1E1F7BC100D854AF /* SBJSON.m */,
				17C79E5B1E1F7BC100D854AF /* SBJsonBase.h */,
				17C79E5C1E1F7BC100D854AF /* SBJsonBase.m */,
				17C79E5D1E1F7BC100D854AF /* SBJsonParser.h */,
				17C79E5E1E1F7BC100D854AF /* SBJsonParser.m */,
				17C79E5F1E1F7BC100D854AF /* SBJsonWriter.h */,
				17C79E601E1F7BC100D854AF /* SBJsonWriter.m */,
			);
			name = "SB-JSON";
			sourceTree = "<group>";
		};
		A997FDD41A29489190E9776F /* Pods */ = {
			isa = PBXGroup;
			children = (
				22D9EB5D36EED2D4F591B632 /* Pods-VenuFest.debug.xcconfig */,
				9C03245BA9C1801CD1A3AAD1 /* Pods-VenuFest.release.xcconfig */,
				D5F9368A31DBC74A43A9AF56 /* Pods-VenuFestTests.debug.xcconfig */,
				ED5A4EC50AA123A8F4A3FAEA /* Pods-VenuFestTests.release.xcconfig */,
				27121A3D859553E2EDA3C7E8 /* Pods-VenuFestUITests.debug.xcconfig */,
				1E6F329CD0F43B3DBCED8E27 /* Pods-VenuFestUITests.release.xcconfig */,
			);
			name = Pods;
			sourceTree = "<group>";
		};
		EB3D197CCE02222AE9366509 /* Frameworks */ = {
			isa = PBXGroup;
			children = (
				C563AA83ABDF6DCF5F88E3D1 /* libPods-VenuFest.a */,
				F1949CD2CCFDC3AD997DEC02 /* libPods-VenuFestTests.a */,
				C2119B2B258DF14DF4FBFF7A /* libPods-VenuFestUITests.a */,
			);
			name = Frameworks;
			sourceTree = "<group>";
		};
/* End PBXGroup section */

/* Begin PBXNativeTarget section */
		17350D0D1DF34C0E001C1D53 /* VenuFest */ = {
			isa = PBXNativeTarget;
			buildConfigurationList = 17350D3B1DF34C0F001C1D53 /* Build configuration list for PBXNativeTarget "VenuFest" */;
			buildPhases = (
				CC70CA30B4FC1E92DC23A18B /* [CP] Check Pods Manifest.lock */,
				17350D0A1DF34C0E001C1D53 /* Sources */,
				17350D0B1DF34C0E001C1D53 /* Frameworks */,
				17350D0C1DF34C0E001C1D53 /* Resources */,
				8FC3287296871A842CFE5529 /* [CP] Embed Pods Frameworks */,
				7D147A6077ED249ECF052BF0 /* [CP] Copy Pods Resources */,
			);
			buildRules = (
			);
			dependencies = (
			);
			name = VenuFest;
			productName = VenuFest;
			productReference = 17350D0E1DF34C0E001C1D53 /* VenuFest.app */;
			productType = "com.apple.product-type.application";
		};
		17350D261DF34C0F001C1D53 /* VenuFestTests */ = {
			isa = PBXNativeTarget;
			buildConfigurationList = 17350D3E1DF34C0F001C1D53 /* Build configuration list for PBXNativeTarget "VenuFestTests" */;
			buildPhases = (
				D633B2650A25075CD1DF0584 /* [CP] Check Pods Manifest.lock */,
				17350D231DF34C0F001C1D53 /* Sources */,
				17350D241DF34C0F001C1D53 /* Frameworks */,
				17350D251DF34C0F001C1D53 /* Resources */,
				F3ECAECEFE2074E4C6BACACC /* [CP] Embed Pods Frameworks */,
				D67F751EDEB1ADF5D0B72798 /* [CP] Copy Pods Resources */,
			);
			buildRules = (
			);
			dependencies = (
				17350D291DF34C0F001C1D53 /* PBXTargetDependency */,
			);
			name = VenuFestTests;
			productName = VenuFestTests;
			productReference = 17350D271DF34C0F001C1D53 /* VenuFestTests.xctest */;
			productType = "com.apple.product-type.bundle.unit-test";
		};
		17350D311DF34C0F001C1D53 /* VenuFestUITests */ = {
			isa = PBXNativeTarget;
			buildConfigurationList = 17350D411DF34C0F001C1D53 /* Build configuration list for PBXNativeTarget "VenuFestUITests" */;
			buildPhases = (
				CD59F180C62551842BBDE2B4 /* [CP] Check Pods Manifest.lock */,
				17350D2E1DF34C0F001C1D53 /* Sources */,
				17350D2F1DF34C0F001C1D53 /* Frameworks */,
				17350D301DF34C0F001C1D53 /* Resources */,
				4B8AC5EF134514D0926D5C84 /* [CP] Embed Pods Frameworks */,
				C42670CEAF611CC71714C729 /* [CP] Copy Pods Resources */,
			);
			buildRules = (
			);
			dependencies = (
				17350D341DF34C0F001C1D53 /* PBXTargetDependency */,
			);
			name = VenuFestUITests;
			productName = VenuFestUITests;
			productReference = 17350D321DF34C0F001C1D53 /* VenuFestUITests.xctest */;
			productType = "com.apple.product-type.bundle.ui-testing";
		};
/* End PBXNativeTarget section */

/* Begin PBXProject section */
		17350D061DF34C0E001C1D53 /* Project object */ = {
			isa = PBXProject;
			attributes = {
				LastSwiftUpdateCheck = 0700;
				LastUpgradeCheck = 0700;
				ORGANIZATIONNAME = "Sayan Chatterjee";
				TargetAttributes = {
					17350D0D1DF34C0E001C1D53 = {
						CreatedOnToolsVersion = 7.0.1;
						LastSwiftMigration = 0820;
					};
					17350D261DF34C0F001C1D53 = {
						CreatedOnToolsVersion = 7.0.1;
						LastSwiftMigration = 0820;
						TestTargetID = 17350D0D1DF34C0E001C1D53;
					};
					17350D311DF34C0F001C1D53 = {
						CreatedOnToolsVersion = 7.0.1;
						LastSwiftMigration = 0820;
						TestTargetID = 17350D0D1DF34C0E001C1D53;
					};
				};
			};
			buildConfigurationList = 17350D091DF34C0E001C1D53 /* Build configuration list for PBXProject "VenuFest" */;
			compatibilityVersion = "Xcode 3.2";
			developmentRegion = English;
			hasScannedForEncodings = 0;
			knownRegions = (
				en,
				Base,
			);
			mainGroup = 17350D051DF34C0E001C1D53;
			productRefGroup = 17350D0F1DF34C0E001C1D53 /* Products */;
			projectDirPath = "";
			projectRoot = "";
			targets = (
				17350D0D1DF34C0E001C1D53 /* VenuFest */,
				17350D261DF34C0F001C1D53 /* VenuFestTests */,
				17350D311DF34C0F001C1D53 /* VenuFestUITests */,
			);
		};
/* End PBXProject section */

/* Begin PBXResourcesBuildPhase section */
		17350D0C1DF34C0E001C1D53 /* Resources */ = {
			isa = PBXResourcesBuildPhase;
			buildActionMask = 2147483647;
			files = (
				17350D211DF34C0E001C1D53 /* LaunchScreen.storyboard in Resources */,
				17C23A771E1EE567000478B3 /* ChangePassword.xib in Resources */,
				17350D1E1DF34C0E001C1D53 /* Assets.xcassets in Resources */,
				178E32301DF70B6A00EFD2AC /* SinkinSans-300Light.otf in Resources */,
				1709F0401E1ADF3500F95561 /* cover1.png in Resources */,
				17C23A691E1EE1DC000478B3 /* PersonalInfoCell.xib in Resources */,
				178E31A11DF7055E00EFD2AC /* HeaderView.xib in Resources */,
				17350D1C1DF34C0E001C1D53 /* Main.storyboard in Resources */,
				1709F0411E1ADF3500F95561 /* cover2.png in Resources */,
				17C23A631E1EE1BC000478B3 /* Personal_Info.xib in Resources */,
			);
			runOnlyForDeploymentPostprocessing = 0;
		};
		17350D251DF34C0F001C1D53 /* Resources */ = {
			isa = PBXResourcesBuildPhase;
			buildActionMask = 2147483647;
			files = (
			);
			runOnlyForDeploymentPostprocessing = 0;
		};
		17350D301DF34C0F001C1D53 /* Resources */ = {
			isa = PBXResourcesBuildPhase;
			buildActionMask = 2147483647;
			files = (
			);
			runOnlyForDeploymentPostprocessing = 0;
		};
/* End PBXResourcesBuildPhase section */

/* Begin PBXShellScriptBuildPhase section */
		4B8AC5EF134514D0926D5C84 /* [CP] Embed Pods Frameworks */ = {
			isa = PBXShellScriptBuildPhase;
			buildActionMask = 2147483647;
			files = (
			);
			inputPaths = (
			);
			name = "[CP] Embed Pods Frameworks";
			outputPaths = (
			);
			runOnlyForDeploymentPostprocessing = 0;
			shellPath = /bin/sh;
			shellScript = "\"${SRCROOT}/Pods/Target Support Files/Pods-VenuFestUITests/Pods-VenuFestUITests-frameworks.sh\"\n";
			showEnvVarsInLog = 0;
		};
		7D147A6077ED249ECF052BF0 /* [CP] Copy Pods Resources */ = {
			isa = PBXShellScriptBuildPhase;
			buildActionMask = 2147483647;
			files = (
			);
			inputPaths = (
			);
			name = "[CP] Copy Pods Resources";
			outputPaths = (
			);
			runOnlyForDeploymentPostprocessing = 0;
			shellPath = /bin/sh;
			shellScript = "\"${SRCROOT}/Pods/Target Support Files/Pods-VenuFest/Pods-VenuFest-resources.sh\"\n";
			showEnvVarsInLog = 0;
		};
		8FC3287296871A842CFE5529 /* [CP] Embed Pods Frameworks */ = {
			isa = PBXShellScriptBuildPhase;
			buildActionMask = 2147483647;
			files = (
			);
			inputPaths = (
			);
			name = "[CP] Embed Pods Frameworks";
			outputPaths = (
			);
			runOnlyForDeploymentPostprocessing = 0;
			shellPath = /bin/sh;
			shellScript = "\"${SRCROOT}/Pods/Target Support Files/Pods-VenuFest/Pods-VenuFest-frameworks.sh\"\n";
			showEnvVarsInLog = 0;
		};
		C42670CEAF611CC71714C729 /* [CP] Copy Pods Resources */ = {
			isa = PBXShellScriptBuildPhase;
			buildActionMask = 2147483647;
			files = (
			);
			inputPaths = (
			);
			name = "[CP] Copy Pods Resources";
			outputPaths = (
			);
			runOnlyForDeploymentPostprocessing = 0;
			shellPath = /bin/sh;
			shellScript = "\"${SRCROOT}/Pods/Target Support Files/Pods-VenuFestUITests/Pods-VenuFestUITests-resources.sh\"\n";
			showEnvVarsInLog = 0;
		};
		CC70CA30B4FC1E92DC23A18B /* [CP] Check Pods Manifest.lock */ = {
			isa = PBXShellScriptBuildPhase;
			buildActionMask = 2147483647;
			files = (
			);
			inputPaths = (
			);
			name = "[CP] Check Pods Manifest.lock";
			outputPaths = (
			);
			runOnlyForDeploymentPostprocessing = 0;
			shellPath = /bin/sh;
			shellScript = "diff \"${PODS_ROOT}/../Podfile.lock\" \"${PODS_ROOT}/Manifest.lock\" > /dev/null\nif [ $? != 0 ] ; then\n    # print error to STDERR\n    echo \"error: The sandbox is not in sync with the Podfile.lock. Run 'pod install' or update your CocoaPods installation.\" >&2\n    exit 1\nfi\n";
			showEnvVarsInLog = 0;
		};
		CD59F180C62551842BBDE2B4 /* [CP] Check Pods Manifest.lock */ = {
			isa = PBXShellScriptBuildPhase;
			buildActionMask = 2147483647;
			files = (
			);
			inputPaths = (
			);
			name = "[CP] Check Pods Manifest.lock";
			outputPaths = (
			);
			runOnlyForDeploymentPostprocessing = 0;
			shellPath = /bin/sh;
			shellScript = "diff \"${PODS_ROOT}/../Podfile.lock\" \"${PODS_ROOT}/Manifest.lock\" > /dev/null\nif [ $? != 0 ] ; then\n    # print error to STDERR\n    echo \"error: The sandbox is not in sync with the Podfile.lock. Run 'pod install' or update your CocoaPods installation.\" >&2\n    exit 1\nfi\n";
			showEnvVarsInLog = 0;
		};
		D633B2650A25075CD1DF0584 /* [CP] Check Pods Manifest.lock */ = {
			isa = PBXShellScriptBuildPhase;
			buildActionMask = 2147483647;
			files = (
			);
			inputPaths = (
			);
			name = "[CP] Check Pods Manifest.lock";
			outputPaths = (
			);
			runOnlyForDeploymentPostprocessing = 0;
			shellPath = /bin/sh;
			shellScript = "diff \"${PODS_ROOT}/../Podfile.lock\" \"${PODS_ROOT}/Manifest.lock\" > /dev/null\nif [ $? != 0 ] ; then\n    # print error to STDERR\n    echo \"error: The sandbox is not in sync with the Podfile.lock. Run 'pod install' or update your CocoaPods installation.\" >&2\n    exit 1\nfi\n";
			showEnvVarsInLog = 0;
		};
		D67F751EDEB1ADF5D0B72798 /* [CP] Copy Pods Resources */ = {
			isa = PBXShellScriptBuildPhase;
			buildActionMask = 2147483647;
			files = (
			);
			inputPaths = (
			);
			name = "[CP] Copy Pods Resources";
			outputPaths = (
			);
			runOnlyForDeploymentPostprocessing = 0;
			shellPath = /bin/sh;
			shellScript = "\"${SRCROOT}/Pods/Target Support Files/Pods-VenuFestTests/Pods-VenuFestTests-resources.sh\"\n";
			showEnvVarsInLog = 0;
		};
		F3ECAECEFE2074E4C6BACACC /* [CP] Embed Pods Frameworks */ = {
			isa = PBXShellScriptBuildPhase;
			buildActionMask = 2147483647;
			files = (
			);
			inputPaths = (
			);
			name = "[CP] Embed Pods Frameworks";
			outputPaths = (
			);
			runOnlyForDeploymentPostprocessing = 0;
			shellPath = /bin/sh;
			shellScript = "\"${SRCROOT}/Pods/Target Support Files/Pods-VenuFestTests/Pods-VenuFestTests-frameworks.sh\"\n";
			showEnvVarsInLog = 0;
		};
/* End PBXShellScriptBuildPhase section */

/* Begin PBXSourcesBuildPhase section */
		17350D0A1DF34C0E001C1D53 /* Sources */ = {
			isa = PBXSourcesBuildPhase;
			buildActionMask = 2147483647;
			files = (
				178E32081DF7070800EFD2AC /* LoginVC.m in Sources */,
				178E319A1DF7053300EFD2AC /* RPNetworkManager.m in Sources */,
				17C79E641E1F7BC100D854AF /* SBJsonBase.m in Sources */,
				17E083CE1E55905E00B3ACB7 /* SelectUserTypeVC.m in Sources */,
				178E31B31DF705E400EFD2AC /* OutlinedButton.m in Sources */,
				171168631E50782E00B044B8 /* ADVSegmentedControl.swift in Sources */,
				17C79E651E1F7BC100D854AF /* SBJsonParser.m in Sources */,
				178E32161DF7087300EFD2AC /* TermsConditionsVC.m in Sources */,
				178E31891DF704EF00EFD2AC /* AppDelegate.m in Sources */,
				178E31AA1DF7057A00EFD2AC /* SWRevealViewController.m in Sources */,
				17C23A5F1E1EE1AD000478B3 /* Personal_infoView.m in Sources */,
				178E31A91DF7057A00EFD2AC /* MenuTableVC.m in Sources */,
				178E32211DF7097F00EFD2AC /* SettingsVC.m in Sources */,
				17C79E661E1F7BC100D854AF /* SBJsonWriter.m in Sources */,
				17E083CB1E55902000B3ACB7 /* RegistrationVC.m in Sources */,
				17C23A681E1EE1DC000478B3 /* PersonalInfoCell.m in Sources */,
				17350D131DF34C0E001C1D53 /* main.m in Sources */,
				17C23A6E1E1EE1FE000478B3 /* EditProfileVC.m in Sources */,
				178E322B1DF70A0B00EFD2AC /* RPConstants.m in Sources */,
				178E31B61DF705EE00EFD2AC /* OutlinedTextField.m in Sources */,
				178E32061DF7070800EFD2AC /* ForgetPasswordVC.m in Sources */,
				17C79E611E1F7BC100D854AF /* NSObject+SBJSON.m in Sources */,
				178E321D1DF708E700EFD2AC /* BookingDetailsVC.m in Sources */,
				178E32131DF7082600EFD2AC /* LiveFeedVC.m in Sources */,
				17C23A6F1E1EE1FE000478B3 /* ProfileVC.m in Sources */,
				17C79E621E1F7BC100D854AF /* NSString+SBJSON.m in Sources */,
				1769562F1E5812BC008E0ACF /* SocialUser.m in Sources */,
				17C79E631E1F7BC100D854AF /* SBJSON.m in Sources */,
				178E32251DF709B000EFD2AC /* HelpVC.m in Sources */,
				178E31A21DF7055E00EFD2AC /* RootVC.m in Sources */,
				17C23A731E1EE47B000478B3 /* ChangePasswordView.m in Sources */,
				177FFC351E269EF50053D750 /* MyAssestsVC.m in Sources */,
				178E321A1DF708B300EFD2AC /* BookingsVC.m in Sources */,
				17E083C81E557F3000B3ACB7 /* UIColor+AppColor.m in Sources */,
				178E31961DF7051900EFD2AC /* AppManager.m in Sources */,
			);
			runOnlyForDeploymentPostprocessing = 0;
		};
		17350D231DF34C0F001C1D53 /* Sources */ = {
			isa = PBXSourcesBuildPhase;
			buildActionMask = 2147483647;
			files = (
				17350D2C1DF34C0F001C1D53 /* VenuFestTests.m in Sources */,
			);
			runOnlyForDeploymentPostprocessing = 0;
		};
		17350D2E1DF34C0F001C1D53 /* Sources */ = {
			isa = PBXSourcesBuildPhase;
			buildActionMask = 2147483647;
			files = (
				17350D371DF34C0F001C1D53 /* VenuFestUITests.m in Sources */,
			);
			runOnlyForDeploymentPostprocessing = 0;
		};
/* End PBXSourcesBuildPhase section */

/* Begin PBXTargetDependency section */
		17350D291DF34C0F001C1D53 /* PBXTargetDependency */ = {
			isa = PBXTargetDependency;
			target = 17350D0D1DF34C0E001C1D53 /* VenuFest */;
			targetProxy = 17350D281DF34C0F001C1D53 /* PBXContainerItemProxy */;
		};
		17350D341DF34C0F001C1D53 /* PBXTargetDependency */ = {
			isa = PBXTargetDependency;
			target = 17350D0D1DF34C0E001C1D53 /* VenuFest */;
			targetProxy = 17350D331DF34C0F001C1D53 /* PBXContainerItemProxy */;
		};
/* End PBXTargetDependency section */

/* Begin PBXVariantGroup section */
		17350D1A1DF34C0E001C1D53 /* Main.storyboard */ = {
			isa = PBXVariantGroup;
			children = (
				17350D1B1DF34C0E001C1D53 /* Base */,
			);
			name = Main.storyboard;
			sourceTree = "<group>";
		};
		17350D1F1DF34C0E001C1D53 /* LaunchScreen.storyboard */ = {
			isa = PBXVariantGroup;
			children = (
				17350D201DF34C0E001C1D53 /* Base */,
			);
			name = LaunchScreen.storyboard;
			sourceTree = "<group>";
		};
/* End PBXVariantGroup section */

/* Begin XCBuildConfiguration section */
		17350D391DF34C0F001C1D53 /* Debug */ = {
			isa = XCBuildConfiguration;
			buildSettings = {
				ALWAYS_SEARCH_USER_PATHS = NO;
				CLANG_CXX_LANGUAGE_STANDARD = "gnu++0x";
				CLANG_CXX_LIBRARY = "libc++";
				CLANG_ENABLE_MODULES = YES;
				CLANG_ENABLE_OBJC_ARC = YES;
				CLANG_WARN_BOOL_CONVERSION = YES;
				CLANG_WARN_CONSTANT_CONVERSION = YES;
				CLANG_WARN_DIRECT_OBJC_ISA_USAGE = YES_ERROR;
				CLANG_WARN_EMPTY_BODY = YES;
				CLANG_WARN_ENUM_CONVERSION = YES;
				CLANG_WARN_INT_CONVERSION = YES;
				CLANG_WARN_OBJC_ROOT_CLASS = YES_ERROR;
				CLANG_WARN_UNREACHABLE_CODE = YES;
				CLANG_WARN__DUPLICATE_METHOD_MATCH = YES;
				"CODE_SIGN_IDENTITY[sdk=iphoneos*]" = "iPhone Developer";
				COPY_PHASE_STRIP = NO;
				DEBUG_INFORMATION_FORMAT = dwarf;
				ENABLE_STRICT_OBJC_MSGSEND = YES;
				ENABLE_TESTABILITY = YES;
				GCC_C_LANGUAGE_STANDARD = gnu99;
				GCC_DYNAMIC_NO_PIC = NO;
				GCC_NO_COMMON_BLOCKS = YES;
				GCC_OPTIMIZATION_LEVEL = 0;
				GCC_PREPROCESSOR_DEFINITIONS = (
					"DEBUG=1",
					"$(inherited)",
				);
				GCC_WARN_64_TO_32_BIT_CONVERSION = YES;
				GCC_WARN_ABOUT_RETURN_TYPE = YES_ERROR;
				GCC_WARN_UNDECLARED_SELECTOR = YES;
				GCC_WARN_UNINITIALIZED_AUTOS = YES_AGGRESSIVE;
				GCC_WARN_UNUSED_FUNCTION = YES;
				GCC_WARN_UNUSED_VARIABLE = YES;
				IPHONEOS_DEPLOYMENT_TARGET = 9.0;
				MTL_ENABLE_DEBUG_INFO = YES;
				ONLY_ACTIVE_ARCH = YES;
				SDKROOT = iphoneos;
				TARGETED_DEVICE_FAMILY = "1,2";
			};
			name = Debug;
		};
		17350D3A1DF34C0F001C1D53 /* Release */ = {
			isa = XCBuildConfiguration;
			buildSettings = {
				ALWAYS_SEARCH_USER_PATHS = NO;
				CLANG_CXX_LANGUAGE_STANDARD = "gnu++0x";
				CLANG_CXX_LIBRARY = "libc++";
				CLANG_ENABLE_MODULES = YES;
				CLANG_ENABLE_OBJC_ARC = YES;
				CLANG_WARN_BOOL_CONVERSION = YES;
				CLANG_WARN_CONSTANT_CONVERSION = YES;
				CLANG_WARN_DIRECT_OBJC_ISA_USAGE = YES_ERROR;
				CLANG_WARN_EMPTY_BODY = YES;
				CLANG_WARN_ENUM_CONVERSION = YES;
				CLANG_WARN_INT_CONVERSION = YES;
				CLANG_WARN_OBJC_ROOT_CLASS = YES_ERROR;
				CLANG_WARN_UNREACHABLE_CODE = YES;
				CLANG_WARN__DUPLICATE_METHOD_MATCH = YES;
				"CODE_SIGN_IDENTITY[sdk=iphoneos*]" = "iPhone Developer";
				COPY_PHASE_STRIP = NO;
				DEBUG_INFORMATION_FORMAT = "dwarf-with-dsym";
				ENABLE_NS_ASSERTIONS = NO;
				ENABLE_STRICT_OBJC_MSGSEND = YES;
				GCC_C_LANGUAGE_STANDARD = gnu99;
				GCC_NO_COMMON_BLOCKS = YES;
				GCC_WARN_64_TO_32_BIT_CONVERSION = YES;
				GCC_WARN_ABOUT_RETURN_TYPE = YES_ERROR;
				GCC_WARN_UNDECLARED_SELECTOR = YES;
				GCC_WARN_UNINITIALIZED_AUTOS = YES_AGGRESSIVE;
				GCC_WARN_UNUSED_FUNCTION = YES;
				GCC_WARN_UNUSED_VARIABLE = YES;
				IPHONEOS_DEPLOYMENT_TARGET = 9.0;
				MTL_ENABLE_DEBUG_INFO = NO;
				SDKROOT = iphoneos;
				TARGETED_DEVICE_FAMILY = "1,2";
				VALIDATE_PRODUCT = YES;
			};
			name = Release;
		};
		17350D3C1DF34C0F001C1D53 /* Debug */ = {
			isa = XCBuildConfiguration;
			baseConfigurationReference = 22D9EB5D36EED2D4F591B632 /* Pods-VenuFest.debug.xcconfig */;
			buildSettings = {
				ASSETCATALOG_COMPILER_APPICON_NAME = AppIcon;
				CLANG_ENABLE_MODULES = YES;
				DEFINES_MODULE = YES;
				GCC_PREFIX_HEADER = "VenuFest/VenuFest-Prefix.pch";
				INFOPLIST_FILE = VenuFest/Info.plist;
				IPHONEOS_DEPLOYMENT_TARGET = 8.1;
				LD_RUNPATH_SEARCH_PATHS = "$(inherited) @executable_path/Frameworks";
				PRODUCT_BUNDLE_IDENTIFIER = com.mcs.VenuFest;
				PRODUCT_NAME = "$(TARGET_NAME)";
				SWIFT_OBJC_BRIDGING_HEADER = "VenuFest/VenuFest-Bridging-Header.h";
				SWIFT_OPTIMIZATION_LEVEL = "-Onone";
				SWIFT_VERSION = 3.0;
			};
			name = Debug;
		};
		17350D3D1DF34C0F001C1D53 /* Release */ = {
			isa = XCBuildConfiguration;
			baseConfigurationReference = 9C03245BA9C1801CD1A3AAD1 /* Pods-VenuFest.release.xcconfig */;
			buildSettings = {
				ASSETCATALOG_COMPILER_APPICON_NAME = AppIcon;
				CLANG_ENABLE_MODULES = YES;
				DEFINES_MODULE = YES;
				GCC_PREFIX_HEADER = "VenuFest/VenuFest-Prefix.pch";
				INFOPLIST_FILE = VenuFest/Info.plist;
				IPHONEOS_DEPLOYMENT_TARGET = 8.1;
				LD_RUNPATH_SEARCH_PATHS = "$(inherited) @executable_path/Frameworks";
				PRODUCT_BUNDLE_IDENTIFIER = com.mcs.VenuFest;
				PRODUCT_NAME = "$(TARGET_NAME)";
				SWIFT_OBJC_BRIDGING_HEADER = "VenuFest/VenuFest-Bridging-Header.h";
				SWIFT_VERSION = 3.0;
			};
			name = Release;
		};
		17350D3F1DF34C0F001C1D53 /* Debug */ = {
			isa = XCBuildConfiguration;
			baseConfigurationReference = D5F9368A31DBC74A43A9AF56 /* Pods-VenuFestTests.debug.xcconfig */;
			buildSettings = {
				ALWAYS_EMBED_SWIFT_STANDARD_LIBRARIES = YES;
				BUNDLE_LOADER = "$(TEST_HOST)";
				INFOPLIST_FILE = VenuFestTests/Info.plist;
				LD_RUNPATH_SEARCH_PATHS = "$(inherited) @executable_path/Frameworks @loader_path/Frameworks";
				PRODUCT_BUNDLE_IDENTIFIER = com.suman.VenuFestTests;
				PRODUCT_NAME = "$(TARGET_NAME)";
				SWIFT_VERSION = 3.0;
				TEST_HOST = "$(BUILT_PRODUCTS_DIR)/VenuFest.app/VenuFest";
			};
			name = Debug;
		};
		17350D401DF34C0F001C1D53 /* Release */ = {
			isa = XCBuildConfiguration;
			baseConfigurationReference = ED5A4EC50AA123A8F4A3FAEA /* Pods-VenuFestTests.release.xcconfig */;
			buildSettings = {
				ALWAYS_EMBED_SWIFT_STANDARD_LIBRARIES = YES;
				BUNDLE_LOADER = "$(TEST_HOST)";
				INFOPLIST_FILE = VenuFestTests/Info.plist;
				LD_RUNPATH_SEARCH_PATHS = "$(inherited) @executable_path/Frameworks @loader_path/Frameworks";
				PRODUCT_BUNDLE_IDENTIFIER = com.suman.VenuFestTests;
				PRODUCT_NAME = "$(TARGET_NAME)";
				SWIFT_VERSION = 3.0;
				TEST_HOST = "$(BUILT_PRODUCTS_DIR)/VenuFest.app/VenuFest";
			};
			name = Release;
		};
		17350D421DF34C0F001C1D53 /* Debug */ = {
			isa = XCBuildConfiguration;
			baseConfigurationReference = 27121A3D859553E2EDA3C7E8 /* Pods-VenuFestUITests.debug.xcconfig */;
			buildSettings = {
				ALWAYS_EMBED_SWIFT_STANDARD_LIBRARIES = YES;
				INFOPLIST_FILE = VenuFestUITests/Info.plist;
				LD_RUNPATH_SEARCH_PATHS = "$(inherited) @executable_path/Frameworks @loader_path/Frameworks";
				PRODUCT_BUNDLE_IDENTIFIER = com.suman.VenuFestUITests;
				PRODUCT_NAME = "$(TARGET_NAME)";
				SWIFT_VERSION = 3.0;
				TEST_TARGET_NAME = VenuFest;
				USES_XCTRUNNER = YES;
			};
			name = Debug;
		};
		17350D431DF34C0F001C1D53 /* Release */ = {
			isa = XCBuildConfiguration;
			baseConfigurationReference = 1E6F329CD0F43B3DBCED8E27 /* Pods-VenuFestUITests.release.xcconfig */;
			buildSettings = {
				ALWAYS_EMBED_SWIFT_STANDARD_LIBRARIES = YES;
				INFOPLIST_FILE = VenuFestUITests/Info.plist;
				LD_RUNPATH_SEARCH_PATHS = "$(inherited) @executable_path/Frameworks @loader_path/Frameworks";
				PRODUCT_BUNDLE_IDENTIFIER = com.suman.VenuFestUITests;
				PRODUCT_NAME = "$(TARGET_NAME)";
				SWIFT_VERSION = 3.0;
				TEST_TARGET_NAME = VenuFest;
				USES_XCTRUNNER = YES;
			};
			name = Release;
		};
/* End XCBuildConfiguration section */

/* Begin XCConfigurationList section */
		17350D091DF34C0E001C1D53 /* Build configuration list for PBXProject "VenuFest" */ = {
			isa = XCConfigurationList;
			buildConfigurations = (
				17350D391DF34C0F001C1D53 /* Debug */,
				17350D3A1DF34C0F001C1D53 /* Release */,
			);
			defaultConfigurationIsVisible = 0;
			defaultConfigurationName = Release;
		};
		17350D3B1DF34C0F001C1D53 /* Build configuration list for PBXNativeTarget "VenuFest" */ = {
			isa = XCConfigurationList;
			buildConfigurations = (
				17350D3C1DF34C0F001C1D53 /* Debug */,
				17350D3D1DF34C0F001C1D53 /* Release */,
			);
			defaultConfigurationIsVisible = 0;
			defaultConfigurationName = Release;
		};
		17350D3E1DF34C0F001C1D53 /* Build configuration list for PBXNativeTarget "VenuFestTests" */ = {
			isa = XCConfigurationList;
			buildConfigurations = (
				17350D3F1DF34C0F001C1D53 /* Debug */,
				17350D401DF34C0F001C1D53 /* Release */,
			);
			defaultConfigurationIsVisible = 0;
			defaultConfigurationName = Release;
		};
		17350D411DF34C0F001C1D53 /* Build configuration list for PBXNativeTarget "VenuFestUITests" */ = {
			isa = XCConfigurationList;
			buildConfigurations = (
				17350D421DF34C0F001C1D53 /* Debug */,
				17350D431DF34C0F001C1D53 /* Release */,
			);
			defaultConfigurationIsVisible = 0;
			defaultConfigurationName = Release;
		};
/* End XCConfigurationList section */
	};
	rootObject = 17350D061DF34C0E001C1D53 /* Project object */;
}
